
Microsoft Visual Studio Solution File, Format Version 12.00
# Visual Studio Version 17
VisualStudioVersion = 17.6.33815.320
MinimumVisualStudioVersion = 10.0.40219.1
Project("{2150E333-8FDC-42A3-9474-1A3956D46DE8}") = "Data", "Data", "{427587A0-38E0-419E-A1D4-6E2A5961B36F}"
EndProject
Project("{9A19103F-16F7-4668-BE54-9A1E7A4F7556}") = "Data", "ClassLibrary1\Data.csproj", "{64C4C7D3-85AF-4EE5-AE49-1517872F8A05}"
EndProject
Project("{2150E333-8FDC-42A3-9474-1A3956D46DE8}") = "App", "App", "{585B1336-2FFD-4174-B5D5-B37A5D902C9E}"
EndProject
Project("{9A19103F-16F7-4668-BE54-9A1E7A4F7556}") = "App", "App\App.csproj", "{53C6026C-4052-4E47-A07F-681D4C450699}"
EndProject
Project("{2150E333-8FDC-42A3-9474-1A3956D46DE8}") = "Domin", "Domin", "{DC0D6C37-5E82-4BC1-8D17-30F967AD5C73}"
EndProject
Project("{9A19103F-16F7-4668-BE54-9A1E7A4F7556}") = "Domin", "Domin\Domin.csproj", "{89B778B2-BC1E-4D92-BFEA-41A0D163E7C2}"
EndProject
Project("{2150E333-8FDC-42A3-9474-1A3956D46DE8}") = "IOC", "IOC", "{85225E58-967A-47EC-9729-B75ED21B628F}"
EndProject
Project("{9A19103F-16F7-4668-BE54-9A1E7A4F7556}") = "IOC", "IOC\IOC.csproj", "{46D3A0B3-FA94-49FF-BE8A-3379FF7EA366}"
EndProject
Project("{2150E333-8FDC-42A3-9474-1A3956D46DE8}") = "Persent_app", "Persent_app", "{AE5B63B0-96AA-43F6-86E0-7A51C2034868}"
EndProject
Project("{9A19103F-16F7-4668-BE54-9A1E7A4F7556}") = "Persent_App", "Persent_App\Persent_App.csproj", "{285A72AE-39FD-4F9F-ACF6-F2DE09EAF310}"
EndProject
Global
	GlobalSection(SolutionConfigurationPlatforms) = preSolution
		Debug|Any CPU = Debug|Any CPU
		Release|Any CPU = Release|Any CPU
	EndGlobalSection
	GlobalSection(ProjectConfigurationPlatforms) = postSolution
		{64C4C7D3-85AF-4EE5-AE49-1517872F8A05}.Debug|Any CPU.ActiveCfg = Debug|Any CPU
		{64C4C7D3-85AF-4EE5-AE49-1517872F8A05}.Debug|Any CPU.Build.0 = Debug|Any CPU
		{64C4C7D3-85AF-4EE5-AE49-1517872F8A05}.Release|Any CPU.ActiveCfg = Release|Any CPU
		{64C4C7D3-85AF-4EE5-AE49-1517872F8A05}.Release|Any CPU.Build.0 = Release|Any CPU
		{53C6026C-4052-4E47-A07F-681D4C450699}.Debug|Any CPU.ActiveCfg = Debug|Any CPU
		{53C6026C-4052-4E47-A07F-681D4C450699}.Debug|Any CPU.Build.0 = Debug|Any CPU
		{53C6026C-4052-4E47-A07F-681D4C450699}.Release|Any CPU.ActiveCfg = Release|Any CPU
		{53C6026C-4052-4E47-A07F-681D4C450699}.Release|Any CPU.Build.0 = Release|Any CPU
		{89B778B2-BC1E-4D92-BFEA-41A0D163E7C2}.Debug|Any CPU.ActiveCfg = Debug|Any CPU
		{89B778B2-BC1E-4D92-BFEA-41A0D163E7C2}.Debug|Any CPU.Build.0 = Debug|Any CPU
		{89B778B2-BC1E-4D92-BFEA-41A0D163E7C2}.Release|Any CPU.ActiveCfg = Release|Any CPU
		{89B778B2-BC1E-4D92-BFEA-41A0D163E7C2}.Release|Any CPU.Build.0 = Release|Any CPU
		{46D3A0B3-FA94-49FF-BE8A-3379FF7EA366}.Debug|Any CPU.ActiveCfg = Debug|Any CPU
		{46D3A0B3-FA94-49FF-BE8A-3379FF7EA366}.Debug|Any CPU.Build.0 = Debug|Any CPU
		{46D3A0B3-FA94-49FF-BE8A-3379FF7EA366}.Release|Any CPU.ActiveCfg = Release|Any CPU
		{46D3A0B3-FA94-49FF-BE8A-3379FF7EA366}.Release|Any CPU.Build.0 = Release|Any CPU
		{285A72AE-39FD-4F9F-ACF6-F2DE09EAF310}.Debug|Any CPU.ActiveCfg = Debug|Any CPU
		{285A72AE-39FD-4F9F-ACF6-F2DE09EAF310}.Debug|Any CPU.Build.0 = Debug|Any CPU
		{285A72AE-39FD-4F9F-ACF6-F2DE09EAF310}.Release|Any CPU.ActiveCfg = Release|Any CPU
		{285A72AE-39FD-4F9F-ACF6-F2DE09EAF310}.Release|Any CPU.Build.0 = Release|Any CPU
	EndGlobalSection
	GlobalSection(SolutionProperties) = preSolution
		HideSolutionNode = FALSE
	EndGlobalSection
	GlobalSection(NestedProjects) = preSolution
		{64C4C7D3-85AF-4EE5-AE49-1517872F8A05} = {427587A0-38E0-419E-A1D4-6E2A5961B36F}
		{53C6026C-4052-4E47-A07F-681D4C450699} = {585B1336-2FFD-4174-B5D5-B37A5D902C9E}
		{89B778B2-BC1E-4D92-BFEA-41A0D163E7C2} = {DC0D6C37-5E82-4BC1-8D17-30F967AD5C73}
		{46D3A0B3-FA94-49FF-BE8A-3379FF7EA366} = {85225E58-967A-47EC-9729-B75ED21B628F}
		{285A72AE-39FD-4F9F-ACF6-F2DE09EAF310} = {AE5B63B0-96AA-43F6-86E0-7A51C2034868}
	EndGlobalSection
	GlobalSection(ExtensibilityGlobals) = postSolution
		SolutionGuid = {F5131B8B-D3A0-4405-96AE-37C057D833EE}
	EndGlobalSection
EndGlobal
